
Microsoft Visual Studio Solution File, Format Version 12.00
# Visual Studio Version 17
VisualStudioVersion = 17.8.34525.116
MinimumVisualStudioVersion = 10.0.40219.1
Project("{FAE04EC0-301F-11D3-BF4B-00C04F79EFBC}") = "SortApp", "SortApp.csproj", "{40ED993D-C592-4D30-903B-926B7BD71115}"
EndProject
Global
	GlobalSection(SolutionConfigurationPlatforms) = preSolution
		Debug|Any CPU = Debug|Any CPU
		Release|Any CPU = Release|Any CPU
	EndGlobalSection
	GlobalSection(ProjectConfigurationPlatforms) = postSolution
		{40ED993D-C592-4D30-903B-926B7BD71115}.Debug|Any CPU.ActiveCfg = Debug|Any CPU
		{40ED993D-C592-4D30-903B-926B7BD71115}.Debug|Any CPU.Build.0 = Debug|Any CPU
		{40ED993D-C592-4D30-903B-926B7BD71115}.Release|Any CPU.ActiveCfg = Release|Any CPU
		{40ED993D-C592-4D30-903B-926B7BD71115}.Release|Any CPU.Build.0 = Release|Any CPU
	EndGlobalSection
	GlobalSection(SolutionProperties) = preSolution
		HideSolutionNode = FALSE
	EndGlobalSection
	GlobalSection(ExtensibilityGlobals) = postSolution
		SolutionGuid = {3E9A5564-A059-4CB5-A333-71DAF1BCEFB2}
	EndGlobalSection
EndGlobal
